Microsoft Visual Studio Solution File, Format Version 12.00
# Visual Studio Version 17
VisualStudioVersion = 17.5.2.0
MinimumVisualStudioVersion = 10.0.40219.1
Project("{FAE04EC0-301F-11D3-BF4B-00C04F79EFBC}") = "petbookapi", "petbookapi.csproj", "{39636646-FCBE-E198-767C-9940C560B6AA}"
EndProject
Global
	GlobalSection(SolutionConfigurationPlatforms) = preSolution
		Debug|Any CPU = Debug|Any CPU
		Release|Any CPU = Release|Any CPU
	EndGlobalSection
	GlobalSection(ProjectConfigurationPlatforms) = postSolution
		{39636646-FCBE-E198-767C-9940C560B6AA}.Debug|Any CPU.ActiveCfg = Debug|Any CPU
		{39636646-FCBE-E198-767C-9940C560B6AA}.Debug|Any CPU.Build.0 = Debug|Any CPU
		{39636646-FCBE-E198-767C-9940C560B6AA}.Release|Any CPU.ActiveCfg = Release|Any CPU
		{39636646-FCBE-E198-767C-9940C560B6AA}.Release|Any CPU.Build.0 = Release|Any CPU
	EndGlobalSection
	GlobalSection(SolutionProperties) = preSolution
		HideSolutionNode = FALSE
	EndGlobalSection
	GlobalSection(ExtensibilityGlobals) = postSolution
		SolutionGuid = {13897914-4727-4C1D-A7A0-D08D1861CA06}
	EndGlobalSection
EndGlobal
